
Microsoft Visual Studio Solution File, Format Version 12.00
Project("{FAE04EC0-301F-11D3-BF4B-00C04F79EFBC}") = "DatabaseConsumer", "DatabaseConsumer\DatabaseConsumer.csproj", "{7D741CD6-62BD-4350-B952-5909433F960F}"
EndProject
Project("{FAE04EC0-301F-11D3-BF4B-00C04F79EFBC}") = "ProducerClient", "ProducerClient\ProducerClient.csproj", "{5A9BE632-9F3B-4139-9B7C-BF50F9B48076}"
EndProject
Project("{FAE04EC0-301F-11D3-BF4B-00C04F79EFBC}") = "ConsoleProducer", "ConsoleProducer\ConsoleProducer.csproj", "{58D429A4-6BD8-414D-A9A7-5F749A0B1AA5}"
EndProject
Project("{FAE04EC0-301F-11D3-BF4B-00C04F79EFBC}") = "BrokerApi", "BrokerApi\BrokerApi.csproj", "{0C449BA7-0DC1-4878-AB71-4AA4842F1EFE}"
EndProject
Project("{FAE04EC0-301F-11D3-BF4B-00C04F79EFBC}") = "Application", "Application\Application.csproj", "{3DE94A00-61D0-4953-AECA-7BB3A2EB58C0}"
EndProject
Project("{FAE04EC0-301F-11D3-BF4B-00C04F79EFBC}") = "Domain", "Domain\Domain.csproj", "{63FCAED0-FB4B-40F4-83F0-A2D7DC8D1AE9}"
EndProject
Project("{FAE04EC0-301F-11D3-BF4B-00C04F79EFBC}") = "Infrastructure", "Infrastructure\Infrastructure.csproj", "{9207CBD1-0B73-472D-8BAD-C4882B3580F3}"
EndProject
Project("{FAE04EC0-301F-11D3-BF4B-00C04F79EFBC}") = "ConsumerClient", "ConsumerClient\ConsumerClient.csproj", "{844F3F25-0E03-4126-9520-52CA01B11399}"
EndProject
Project("{2150E333-8FDC-42A3-9474-1A3956D46DE8}") = "Solution Items", "Solution Items", "{84CFFDB3-AE87-4775-BE35-CE3668445059}"
	ProjectSection(SolutionItems) = preProject
		docker-compose.yml = docker-compose.yml
	EndProjectSection
EndProject
Project("{FAE04EC0-301F-11D3-BF4B-00C04F79EFBC}") = "TelegramConsumer", "TelegramConsumer\TelegramConsumer.csproj", "{8F09CF1B-59E3-4FE7-B0E9-7515EEAE9264}"
EndProject
Global
	GlobalSection(SolutionConfigurationPlatforms) = preSolution
		Debug|Any CPU = Debug|Any CPU
		Release|Any CPU = Release|Any CPU
	EndGlobalSection
	GlobalSection(ProjectConfigurationPlatforms) = postSolution
		{7D741CD6-62BD-4350-B952-5909433F960F}.Debug|Any CPU.ActiveCfg = Debug|Any CPU
		{7D741CD6-62BD-4350-B952-5909433F960F}.Debug|Any CPU.Build.0 = Debug|Any CPU
		{7D741CD6-62BD-4350-B952-5909433F960F}.Release|Any CPU.ActiveCfg = Release|Any CPU
		{7D741CD6-62BD-4350-B952-5909433F960F}.Release|Any CPU.Build.0 = Release|Any CPU
		{5A9BE632-9F3B-4139-9B7C-BF50F9B48076}.Debug|Any CPU.ActiveCfg = Debug|Any CPU
		{5A9BE632-9F3B-4139-9B7C-BF50F9B48076}.Debug|Any CPU.Build.0 = Debug|Any CPU
		{5A9BE632-9F3B-4139-9B7C-BF50F9B48076}.Release|Any CPU.ActiveCfg = Release|Any CPU
		{5A9BE632-9F3B-4139-9B7C-BF50F9B48076}.Release|Any CPU.Build.0 = Release|Any CPU
		{58D429A4-6BD8-414D-A9A7-5F749A0B1AA5}.Debug|Any CPU.ActiveCfg = Debug|Any CPU
		{58D429A4-6BD8-414D-A9A7-5F749A0B1AA5}.Debug|Any CPU.Build.0 = Debug|Any CPU
		{58D429A4-6BD8-414D-A9A7-5F749A0B1AA5}.Release|Any CPU.ActiveCfg = Release|Any CPU
		{58D429A4-6BD8-414D-A9A7-5F749A0B1AA5}.Release|Any CPU.Build.0 = Release|Any CPU
		{0C449BA7-0DC1-4878-AB71-4AA4842F1EFE}.Debug|Any CPU.ActiveCfg = Debug|Any CPU
		{0C449BA7-0DC1-4878-AB71-4AA4842F1EFE}.Debug|Any CPU.Build.0 = Debug|Any CPU
		{0C449BA7-0DC1-4878-AB71-4AA4842F1EFE}.Release|Any CPU.ActiveCfg = Release|Any CPU
		{0C449BA7-0DC1-4878-AB71-4AA4842F1EFE}.Release|Any CPU.Build.0 = Release|Any CPU
		{3DE94A00-61D0-4953-AECA-7BB3A2EB58C0}.Debug|Any CPU.ActiveCfg = Debug|Any CPU
		{3DE94A00-61D0-4953-AECA-7BB3A2EB58C0}.Debug|Any CPU.Build.0 = Debug|Any CPU
		{3DE94A00-61D0-4953-AECA-7BB3A2EB58C0}.Release|Any CPU.ActiveCfg = Release|Any CPU
		{3DE94A00-61D0-4953-AECA-7BB3A2EB58C0}.Release|Any CPU.Build.0 = Release|Any CPU
		{63FCAED0-FB4B-40F4-83F0-A2D7DC8D1AE9}.Debug|Any CPU.ActiveCfg = Debug|Any CPU
		{63FCAED0-FB4B-40F4-83F0-A2D7DC8D1AE9}.Debug|Any CPU.Build.0 = Debug|Any CPU
		{63FCAED0-FB4B-40F4-83F0-A2D7DC8D1AE9}.Release|Any CPU.ActiveCfg = Release|Any CPU
		{63FCAED0-FB4B-40F4-83F0-A2D7DC8D1AE9}.Release|Any CPU.Build.0 = Release|Any CPU
		{9207CBD1-0B73-472D-8BAD-C4882B3580F3}.Debug|Any CPU.ActiveCfg = Debug|Any CPU
		{9207CBD1-0B73-472D-8BAD-C4882B3580F3}.Debug|Any CPU.Build.0 = Debug|Any CPU
		{9207CBD1-0B73-472D-8BAD-C4882B3580F3}.Release|Any CPU.ActiveCfg = Release|Any CPU
		{9207CBD1-0B73-472D-8BAD-C4882B3580F3}.Release|Any CPU.Build.0 = Release|Any CPU
		{844F3F25-0E03-4126-9520-52CA01B11399}.Debug|Any CPU.ActiveCfg = Debug|Any CPU
		{844F3F25-0E03-4126-9520-52CA01B11399}.Debug|Any CPU.Build.0 = Debug|Any CPU
		{844F3F25-0E03-4126-9520-52CA01B11399}.Release|Any CPU.ActiveCfg = Release|Any CPU
		{844F3F25-0E03-4126-9520-52CA01B11399}.Release|Any CPU.Build.0 = Release|Any CPU
		{8F09CF1B-59E3-4FE7-B0E9-7515EEAE9264}.Debug|Any CPU.ActiveCfg = Debug|Any CPU
		{8F09CF1B-59E3-4FE7-B0E9-7515EEAE9264}.Debug|Any CPU.Build.0 = Debug|Any CPU
		{8F09CF1B-59E3-4FE7-B0E9-7515EEAE9264}.Release|Any CPU.ActiveCfg = Release|Any CPU
		{8F09CF1B-59E3-4FE7-B0E9-7515EEAE9264}.Release|Any CPU.Build.0 = Release|Any CPU
	EndGlobalSection
EndGlobal
