
Microsoft Visual Studio Solution File, Format Version 12.00
Project("{FAE04EC0-301F-11D3-BF4B-00C04F79EFBC}") = "Broker", "Broker\Broker.csproj", "{0C1ECEBA-8A4D-4AF3-9320-6ABA3574772D}"
EndProject
Project("{FAE04EC0-301F-11D3-BF4B-00C04F79EFBC}") = "ProducerClient", "ProducerClient\ProducerClient.csproj", "{5A9BE632-9F3B-4139-9B7C-BF50F9B48076}"
EndProject
Project("{FAE04EC0-301F-11D3-BF4B-00C04F79EFBC}") = "ConsoleProducer", "ConsoleProducer\ConsoleProducer.csproj", "{58D429A4-6BD8-414D-A9A7-5F749A0B1AA5}"
EndProject
Global
	GlobalSection(SolutionConfigurationPlatforms) = preSolution
		Debug|Any CPU = Debug|Any CPU
		Release|Any CPU = Release|Any CPU
	EndGlobalSection
	GlobalSection(ProjectConfigurationPlatforms) = postSolution
		{0C1ECEBA-8A4D-4AF3-9320-6ABA3574772D}.Debug|Any CPU.ActiveCfg = Debug|Any CPU
		{0C1ECEBA-8A4D-4AF3-9320-6ABA3574772D}.Debug|Any CPU.Build.0 = Debug|Any CPU
		{0C1ECEBA-8A4D-4AF3-9320-6ABA3574772D}.Release|Any CPU.ActiveCfg = Release|Any CPU
		{0C1ECEBA-8A4D-4AF3-9320-6ABA3574772D}.Release|Any CPU.Build.0 = Release|Any CPU
		{5A9BE632-9F3B-4139-9B7C-BF50F9B48076}.Debug|Any CPU.ActiveCfg = Debug|Any CPU
		{5A9BE632-9F3B-4139-9B7C-BF50F9B48076}.Debug|Any CPU.Build.0 = Debug|Any CPU
		{5A9BE632-9F3B-4139-9B7C-BF50F9B48076}.Release|Any CPU.ActiveCfg = Release|Any CPU
		{5A9BE632-9F3B-4139-9B7C-BF50F9B48076}.Release|Any CPU.Build.0 = Release|Any CPU
		{58D429A4-6BD8-414D-A9A7-5F749A0B1AA5}.Debug|Any CPU.ActiveCfg = Debug|Any CPU
		{58D429A4-6BD8-414D-A9A7-5F749A0B1AA5}.Debug|Any CPU.Build.0 = Debug|Any CPU
		{58D429A4-6BD8-414D-A9A7-5F749A0B1AA5}.Release|Any CPU.ActiveCfg = Release|Any CPU
		{58D429A4-6BD8-414D-A9A7-5F749A0B1AA5}.Release|Any CPU.Build.0 = Release|Any CPU
	EndGlobalSection
EndGlobal
